{
  "nodes": {
    "hm-darwin": {
      "inputs": {
        "nixpkgs": [
          "nixpkgs-unstable"
        ]
      },
      "locked": {
        "lastModified": 1767104570,
        "narHash": "sha256-GKgwu5//R+cLdKysZjGqvUEEOGXXLdt93sNXeb2M/Lk=",
        "owner": "nix-community",
        "repo": "home-manager",
        "rev": "e4e78a2cbeaddd07ab7238971b16468cc1d14daf",
        "type": "github"
      },
      "original": {
        "owner": "nix-community",
        "repo": "home-manager",
        "type": "github"
      }
    },
    "hm-linux": {
      "inputs": {
        "nixpkgs": [
          "nixos-unstable"
        ]
      },
      "locked": {
        "lastModified": 1766682973,
        "narHash": "sha256-GKO35onS711ThCxwWcfuvbIBKXwriahGqs+WZuJ3v9E=",
        "owner": "nix-community",
        "repo": "home-manager",
        "rev": "91cdb0e2d574c64fae80d221f4bf09d5592e9ec2",
        "type": "github"
      },
      "original": {
        "owner": "nix-community",
        "repo": "home-manager",
        "type": "github"
      }
    },
    "nix-darwin": {
      "inputs": {
        "nixpkgs": [
          "nixpkgs-unstable"
        ]
      },
      "locked": {
        "lastModified": 1767028240,
        "narHash": "sha256-0/fLUqwJ4Z774muguUyn5t8AQ6wyxlNbHexpje+5hRo=",
        "owner": "LnL7",
        "repo": "nix-darwin",
        "rev": "c31afa6e76da9bbc7c9295e39c7de9fca1071ea1",
        "type": "github"
      },
      "original": {
        "owner": "LnL7",
        "repo": "nix-darwin",
        "type": "github"
      }
    },
    "nixos-unstable": {
      "locked": {
        "lastModified": 1766651565,
        "narHash": "sha256-QEhk0eXgyIqTpJ/ehZKg9IKS7EtlWxF3N7DXy42zPfU=",
        "owner": "NixOS",
        "repo": "nixpkgs",
        "rev": "3e2499d5539c16d0d173ba53552a4ff8547f4539",
        "type": "github"
      },
      "original": {
        "owner": "NixOS",
        "ref": "nixos-unstable",
        "repo": "nixpkgs",
        "type": "github"
      }
    },
    "nixpkgs-unstable": {
      "locked": {
        "lastModified": 1767242400,
        "narHash": "sha256-knFaYjeg7swqG1dljj1hOxfg39zrIy8pfGuicjm9s+o=",
        "owner": "NixOS",
        "repo": "nixpkgs",
        "rev": "c04833a1e584401bb63c1a63ddc51a71e6aa457a",
        "type": "github"
      },
      "original": {
        "owner": "NixOS",
        "ref": "nixpkgs-unstable",
        "repo": "nixpkgs",
        "type": "github"
      }
    },
    "root": {
      "inputs": {
        "hm-darwin": "hm-darwin",
        "hm-linux": "hm-linux",
        "nix-darwin": "nix-darwin",
        "nixos-unstable": "nixos-unstable",
        "nixpkgs-unstable": "nixpkgs-unstable"
      }
    }
  },
  "root": "root",
  "version": 7
}
